// !$*UTF8*$!
{
	archiveVersion = 1;
	classes = {
	};
	objectVersion = 46;
	objects = {

/* Begin PBXBuildFile section */
		1CB7CF0950E46DEDEB9CE883 /* Pods_Weather.framework in Frameworks */ = {isa = PBXBuildFile; fileRef = AE7CB09B751F5F8E419B9F19 /* Pods_Weather.framework */; };
		1DC0FA8C1E52D8DA0029B2A1 /* HourlyWeatherCollectionViewCell.swift in Sources */ = {isa = PBXBuildFile; fileRef = 1DC0FA8B1E52D8DA0029B2A1 /* HourlyWeatherCollectionViewCell.swift */; };
		1DC0FA8E1E52DA130029B2A1 /* WeatherTableViewCell.swift in Sources */ = {isa = PBXBuildFile; fileRef = 1DC0FA8D1E52DA130029B2A1 /* WeatherTableViewCell.swift */; };
		1DC0FA921E52E6220029B2A1 /* Headline.swift in Sources */ = {isa = PBXBuildFile; fileRef = 1DC0FA911E52E6220029B2A1 /* Headline.swift */; };
		1DC0FA941E52E96C0029B2A1 /* DailyForecasts.swift in Sources */ = {isa = PBXBuildFile; fileRef = 1DC0FA931E52E96C0029B2A1 /* DailyForecasts.swift */; };
		1DC0FA961E52E9FE0029B2A1 /* Temperature.swift in Sources */ = {isa = PBXBuildFile; fileRef = 1DC0FA951E52E9FE0029B2A1 /* Temperature.swift */; };
		1DC0FA9A1E52EB7B0029B2A1 /* MinMaxTemperature.swift in Sources */ = {isa = PBXBuildFile; fileRef = 1DC0FA991E52EB7B0029B2A1 /* MinMaxTemperature.swift */; };
		1DC0FA9C1E52ED610029B2A1 /* DayNightIcon.swift in Sources */ = {isa = PBXBuildFile; fileRef = 1DC0FA9B1E52ED610029B2A1 /* DayNightIcon.swift */; };
		1DC0FA9E1E5337960029B2A1 /* storm_raindrops_on_window.mp4 in Resources */ = {isa = PBXBuildFile; fileRef = 1DC0FA9D1E5337960029B2A1 /* storm_raindrops_on_window.mp4 */; };
		1DEEF4581E51C072003713F2 /* AppDelegate.swift in Sources */ = {isa = PBXBuildFile; fileRef = 1DEEF4571E51C072003713F2 /* AppDelegate.swift */; };
		1DEEF45A1E51C072003713F2 /* ViewController.swift in Sources */ = {isa = PBXBuildFile; fileRef = 1DEEF4591E51C072003713F2 /* ViewController.swift */; };
		1DEEF45D1E51C072003713F2 /* Main.storyboard in Resources */ = {isa = PBXBuildFile; fileRef = 1DEEF45B1E51C072003713F2 /* Main.storyboard */; };
		1DEEF4601E51C073003713F2 /* Weather.xcdatamodeld in Sources */ = {isa = PBXBuildFile; fileRef = 1DEEF45E1E51C073003713F2 /* Weather.xcdatamodeld */; };
		1DEEF4621E51C073003713F2 /* Assets.xcassets in Resources */ = {isa = PBXBuildFile; fileRef = 1DEEF4611E51C073003713F2 /* Assets.xcassets */; };
		1DEEF4651E51C073003713F2 /* LaunchScreen.storyboard in Resources */ = {isa = PBXBuildFile; fileRef = 1DEEF4631E51C073003713F2 /* LaunchScreen.storyboard */; };
		1DEEF4701E51C073003713F2 /* WeatherTests.swift in Sources */ = {isa = PBXBuildFile; fileRef = 1DEEF46F1E51C073003713F2 /* WeatherTests.swift */; };
		1DEEF47B1E51C073003713F2 /* WeatherUITests.swift in Sources */ = {isa = PBXBuildFile; fileRef = 1DEEF47A1E51C073003713F2 /* WeatherUITests.swift */; };
		1DEEF48F1E523154003713F2 /* CityCollectionViewCell.swift in Sources */ = {isa = PBXBuildFile; fileRef = 1DEEF48E1E523154003713F2 /* CityCollectionViewCell.swift */; };
/* End PBXBuildFile section */

/* Begin PBXContainerItemProxy section */
		1DEEF46C1E51C073003713F2 /* PBXContainerItemProxy */ = {
			isa = PBXContainerItemProxy;
			containerPortal = 1DEEF44C1E51C072003713F2 /* Project object */;
			proxyType = 1;
			remoteGlobalIDString = 1DEEF4531E51C072003713F2;
			remoteInfo = Weather;
		};
		1DEEF4771E51C073003713F2 /* PBXContainerItemProxy */ = {
			isa = PBXContainerItemProxy;
			containerPortal = 1DEEF44C1E51C072003713F2 /* Project object */;
			proxyType = 1;
			remoteGlobalIDString = 1DEEF4531E51C072003713F2;
			remoteInfo = Weather;
		};
/* End PBXContainerItemProxy section */

/* Begin PBXFileReference section */
		1DC0FA8B1E52D8DA0029B2A1 /* HourlyWeatherCollectionViewCell.swift */ = {isa = PBXFileReference; fileEncoding = 4; lastKnownFileType = sourcecode.swift; path = HourlyWeatherCollectionViewCell.swift; sourceTree = "<group>"; };
		1DC0FA8D1E52DA130029B2A1 /* WeatherTableViewCell.swift */ = {isa = PBXFileReference; fileEncoding = 4; lastKnownFileType = sourcecode.swift; path = WeatherTableViewCell.swift; sourceTree = "<group>"; };
		1DC0FA911E52E6220029B2A1 /* Headline.swift */ = {isa = PBXFileReference; fileEncoding = 4; lastKnownFileType = sourcecode.swift; path = Headline.swift; sourceTree = "<group>"; };
		1DC0FA931E52E96C0029B2A1 /* DailyForecasts.swift */ = {isa = PBXFileReference; fileEncoding = 4; lastKnownFileType = sourcecode.swift; path = DailyForecasts.swift; sourceTree = "<group>"; };
		1DC0FA951E52E9FE0029B2A1 /* Temperature.swift */ = {isa = PBXFileReference; fileEncoding = 4; lastKnownFileType = sourcecode.swift; path = Temperature.swift; sourceTree = "<group>"; };
		1DC0FA991E52EB7B0029B2A1 /* MinMaxTemperature.swift */ = {isa = PBXFileReference; fileEncoding = 4; lastKnownFileType = sourcecode.swift; path = MinMaxTemperature.swift; sourceTree = "<group>"; };
		1DC0FA9B1E52ED610029B2A1 /* DayNightIcon.swift */ = {isa = PBXFileReference; fileEncoding = 4; lastKnownFileType = sourcecode.swift; path = DayNightIcon.swift; sourceTree = "<group>"; };
		1DC0FA9D1E5337960029B2A1 /* storm_raindrops_on_window.mp4 */ = {isa = PBXFileReference; lastKnownFileType = file; path = storm_raindrops_on_window.mp4; sourceTree = "<group>"; };
		1DEEF4541E51C072003713F2 /* Weather.app */ = {isa = PBXFileReference; explicitFileType = wrapper.application; includeInIndex = 0; path = Weather.app; sourceTree = BUILT_PRODUCTS_DIR; };
		1DEEF4571E51C072003713F2 /* AppDelegate.swift */ = {isa = PBXFileReference; lastKnownFileType = sourcecode.swift; path = AppDelegate.swift; sourceTree = "<group>"; };
		1DEEF4591E51C072003713F2 /* ViewController.swift */ = {isa = PBXFileReference; lastKnownFileType = sourcecode.swift; path = ViewController.swift; sourceTree = "<group>"; };
		1DEEF45C1E51C072003713F2 /* Base */ = {isa = PBXFileReference; lastKnownFileType = file.storyboard; name = Base; path = Base.lproj/Main.storyboard; sourceTree = "<group>"; };
		1DEEF45F1E51C073003713F2 /* Weather.xcdatamodel */ = {isa = PBXFileReference; lastKnownFileType = wrapper.xcdatamodel; path = Weather.xcdatamodel; sourceTree = "<group>"; };
		1DEEF4611E51C073003713F2 /* Assets.xcassets */ = {isa = PBXFileReference; lastKnownFileType = folder.assetcatalog; path = Assets.xcassets; sourceTree = "<group>"; };
		1DEEF4641E51C073003713F2 /* Base */ = {isa = PBXFileReference; lastKnownFileType = file.storyboard; name = Base; path = Base.lproj/LaunchScreen.storyboard; sourceTree = "<group>"; };
		1DEEF4661E51C073003713F2 /* Info.plist */ = {isa = PBXFileReference; lastKnownFileType = text.plist.xml; path = Info.plist; sourceTree = "<group>"; };
		1DEEF46B1E51C073003713F2 /* WeatherTests.xctest */ = {isa = PBXFileReference; explicitFileType = wrapper.cfbundle; includeInIndex = 0; path = WeatherTests.xctest; sourceTree = BUILT_PRODUCTS_DIR; };
		1DEEF46F1E51C073003713F2 /* WeatherTests.swift */ = {isa = PBXFileReference; lastKnownFileType = sourcecode.swift; path = WeatherTests.swift; sourceTree = "<group>"; };
		1DEEF4711E51C073003713F2 /* Info.plist */ = {isa = PBXFileReference; lastKnownFileType = text.plist.xml; path = Info.plist; sourceTree = "<group>"; };
		1DEEF4761E51C073003713F2 /* WeatherUITests.xctest */ = {isa = PBXFileReference; explicitFileType = wrapper.cfbundle; includeInIndex = 0; path = WeatherUITests.xctest; sourceTree = BUILT_PRODUCTS_DIR; };
		1DEEF47A1E51C073003713F2 /* WeatherUITests.swift */ = {isa = PBXFileReference; lastKnownFileType = sourcecode.swift; path = WeatherUITests.swift; sourceTree = "<group>"; };
		1DEEF47C1E51C073003713F2 /* Info.plist */ = {isa = PBXFileReference; lastKnownFileType = text.plist.xml; path = Info.plist; sourceTree = "<group>"; };
		1DEEF48E1E523154003713F2 /* CityCollectionViewCell.swift */ = {isa = PBXFileReference; fileEncoding = 4; lastKnownFileType = sourcecode.swift; path = CityCollectionViewCell.swift; sourceTree = "<group>"; };
		AE7CB09B751F5F8E419B9F19 /* Pods_Weather.framework */ = {isa = PBXFileReference; explicitFileType = wrapper.framework; includeInIndex = 0; path = Pods_Weather.framework; sourceTree = BUILT_PRODUCTS_DIR; };
		BF591338E7365BE361F7B9CC /* Pods-Weather.debug.xcconfig */ = {isa = PBXFileReference; includeInIndex = 1; lastKnownFileType = text.xcconfig; name = "Pods-Weather.debug.xcconfig"; path = "Pods/Target Support Files/Pods-Weather/Pods-Weather.debug.xcconfig"; sourceTree = "<group>"; };
		FAA0157B1FE5B87DE64A4B0A /* Pods-Weather.release.xcconfig */ = {isa = PBXFileReference; includeInIndex = 1; lastKnownFileType = text.xcconfig; name = "Pods-Weather.release.xcconfig"; path = "Pods/Target Support Files/Pods-Weather/Pods-Weather.release.xcconfig"; sourceTree = "<group>"; };
/* End PBXFileReference section */

/* Begin PBXFrameworksBuildPhase section */
		1DEEF4511E51C072003713F2 /* Frameworks */ = {
			isa = PBXFrameworksBuildPhase;
			buildActionMask = 2147483647;
			files = (
				1CB7CF0950E46DEDEB9CE883 /* Pods_Weather.framework in Frameworks */,
			);
			runOnlyForDeploymentPostprocessing = 0;
		};
		1DEEF4681E51C073003713F2 /* Frameworks */ = {
			isa = PBXFrameworksBuildPhase;
			buildActionMask = 2147483647;
			files = (
			);
			runOnlyForDeploymentPostprocessing = 0;
		};
		1DEEF4731E51C073003713F2 /* Frameworks */ = {
			isa = PBXFrameworksBuildPhase;
			buildActionMask = 2147483647;
			files = (
			);
			runOnlyForDeploymentPostprocessing = 0;
		};
/* End PBXFrameworksBuildPhase section */

/* Begin PBXGroup section */
		1DEEF44B1E51C072003713F2 = {
			isa = PBXGroup;
			children = (
				1DEEF4561E51C072003713F2 /* Weather */,
				1DEEF46E1E51C073003713F2 /* WeatherTests */,
				1DEEF4791E51C073003713F2 /* WeatherUITests */,
				1DEEF4551E51C072003713F2 /* Products */,
				E8A0C7C36A8628643ED2AD16 /* Pods */,
				F45E1CB67E2BDC53E881DB3F /* Frameworks */,
			);
			sourceTree = "<group>";
		};
		1DEEF4551E51C072003713F2 /* Products */ = {
			isa = PBXGroup;
			children = (
				1DEEF4541E51C072003713F2 /* Weather.app */,
				1DEEF46B1E51C073003713F2 /* WeatherTests.xctest */,
				1DEEF4761E51C073003713F2 /* WeatherUITests.xctest */,
			);
			name = Products;
			sourceTree = "<group>";
		};
		1DEEF4561E51C072003713F2 /* Weather */ = {
			isa = PBXGroup;
			children = (
				1DC0FA9D1E5337960029B2A1 /* storm_raindrops_on_window.mp4 */,
				1DEEF4571E51C072003713F2 /* AppDelegate.swift */,
				1DEEF4591E51C072003713F2 /* ViewController.swift */,
				1DEEF45B1E51C072003713F2 /* Main.storyboard */,
				1DEEF4611E51C073003713F2 /* Assets.xcassets */,
				1DEEF4631E51C073003713F2 /* LaunchScreen.storyboard */,
				1DEEF4661E51C073003713F2 /* Info.plist */,
				1DEEF45E1E51C073003713F2 /* Weather.xcdatamodeld */,
				1DEEF48E1E523154003713F2 /* CityCollectionViewCell.swift */,
				1DC0FA8B1E52D8DA0029B2A1 /* HourlyWeatherCollectionViewCell.swift */,
				1DC0FA8D1E52DA130029B2A1 /* WeatherTableViewCell.swift */,
				1DC0FA911E52E6220029B2A1 /* Headline.swift */,
				1DC0FA931E52E96C0029B2A1 /* DailyForecasts.swift */,
				1DC0FA951E52E9FE0029B2A1 /* Temperature.swift */,
				1DC0FA991E52EB7B0029B2A1 /* MinMaxTemperature.swift */,
				1DC0FA9B1E52ED610029B2A1 /* DayNightIcon.swift */,
			);
			path = Weather;
			sourceTree = "<group>";
		};
		1DEEF46E1E51C073003713F2 /* WeatherTests */ = {
			isa = PBXGroup;
			children = (
				1DEEF46F1E51C073003713F2 /* WeatherTests.swift */,
				1DEEF4711E51C073003713F2 /* Info.plist */,
			);
			path = WeatherTests;
			sourceTree = "<group>";
		};
		1DEEF4791E51C073003713F2 /* WeatherUITests */ = {
			isa = PBXGroup;
			children = (
				1DEEF47A1E51C073003713F2 /* WeatherUITests.swift */,
				1DEEF47C1E51C073003713F2 /* Info.plist */,
			);
			path = WeatherUITests;
			sourceTree = "<group>";
		};
		E8A0C7C36A8628643ED2AD16 /* Pods */ = {
			isa = PBXGroup;
			children = (
				BF591338E7365BE361F7B9CC /* Pods-Weather.debug.xcconfig */,
				FAA0157B1FE5B87DE64A4B0A /* Pods-Weather.release.xcconfig */,
			);
			name = Pods;
			sourceTree = "<group>";
		};
		F45E1CB67E2BDC53E881DB3F /* Frameworks */ = {
			isa = PBXGroup;
			children = (
				AE7CB09B751F5F8E419B9F19 /* Pods_Weather.framework */,
			);
			name = Frameworks;
			sourceTree = "<group>";
		};
/* End PBXGroup section */

/* Begin PBXNativeTarget section */
		1DEEF4531E51C072003713F2 /* Weather */ = {
			isa = PBXNativeTarget;
			buildConfigurationList = 1DEEF47F1E51C073003713F2 /* Build configuration list for PBXNativeTarget "Weather" */;
			buildPhases = (
				AE0B6D72B3E15088A2096CAE /* [CP] Check Pods Manifest.lock */,
				1DEEF4501E51C072003713F2 /* Sources */,
				1DEEF4511E51C072003713F2 /* Frameworks */,
				1DEEF4521E51C072003713F2 /* Resources */,
				DA27AE2D21FDCDA4CECBD711 /* [CP] Embed Pods Frameworks */,
				B2FC6E327AA1DD1B20943107 /* [CP] Copy Pods Resources */,
			);
			buildRules = (
			);
			dependencies = (
			);
			name = Weather;
			productName = Weather;
			productReference = 1DEEF4541E51C072003713F2 /* Weather.app */;
			productType = "com.apple.product-type.application";
		};
		1DEEF46A1E51C073003713F2 /* WeatherTests */ = {
			isa = PBXNativeTarget;
			buildConfigurationList = 1DEEF4821E51C073003713F2 /* Build configuration list for PBXNativeTarget "WeatherTests" */;
			buildPhases = (
				1DEEF4671E51C073003713F2 /* Sources */,
				1DEEF4681E51C073003713F2 /* Frameworks */,
				1DEEF4691E51C073003713F2 /* Resources */,
			);
			buildRules = (
			);
			dependencies = (
				1DEEF46D1E51C073003713F2 /* PBXTargetDependency */,
			);
			name = WeatherTests;
			productName = WeatherTests;
			productReference = 1DEEF46B1E51C073003713F2 /* WeatherTests.xctest */;
			productType = "com.apple.product-type.bundle.unit-test";
		};
		1DEEF4751E51C073003713F2 /* WeatherUITests */ = {
			isa = PBXNativeTarget;
			buildConfigurationList = 1DEEF4851E51C073003713F2 /* Build configuration list for PBXNativeTarget "WeatherUITests" */;
			buildPhases = (
				1DEEF4721E51C073003713F2 /* Sources */,
				1DEEF4731E51C073003713F2 /* Frameworks */,
				1DEEF4741E51C073003713F2 /* Resources */,
			);
			buildRules = (
			);
			dependencies = (
				1DEEF4781E51C073003713F2 /* PBXTargetDependency */,
			);
			name = WeatherUITests;
			productName = WeatherUITests;
			productReference = 1DEEF4761E51C073003713F2 /* WeatherUITests.xctest */;
			productType = "com.apple.product-type.bundle.ui-testing";
		};
/* End PBXNativeTarget section */

/* Begin PBXProject section */
		1DEEF44C1E51C072003713F2 /* Project object */ = {
			isa = PBXProject;
			attributes = {
				LastSwiftUpdateCheck = 0820;
				LastUpgradeCheck = 0820;
				ORGANIZATIONNAME = codebrew;
				TargetAttributes = {
					1DEEF4531E51C072003713F2 = {
						CreatedOnToolsVersion = 8.2.1;
						ProvisioningStyle = Automatic;
					};
					1DEEF46A1E51C073003713F2 = {
						CreatedOnToolsVersion = 8.2.1;
						ProvisioningStyle = Automatic;
						TestTargetID = 1DEEF4531E51C072003713F2;
					};
					1DEEF4751E51C073003713F2 = {
						CreatedOnToolsVersion = 8.2.1;
						ProvisioningStyle = Automatic;
						TestTargetID = 1DEEF4531E51C072003713F2;
					};
				};
			};
			buildConfigurationList = 1DEEF44F1E51C072003713F2 /* Build configuration list for PBXProject "Weather" */;
			compatibilityVersion = "Xcode 3.2";
			developmentRegion = English;
			hasScannedForEncodings = 0;
			knownRegions = (
				en,
				Base,
			);
			mainGroup = 1DEEF44B1E51C072003713F2;
			productRefGroup = 1DEEF4551E51C072003713F2 /* Products */;
			projectDirPath = "";
			projectRoot = "";
			targets = (
				1DEEF4531E51C072003713F2 /* Weather */,
				1DEEF46A1E51C073003713F2 /* WeatherTests */,
				1DEEF4751E51C073003713F2 /* WeatherUITests */,
			);
		};
/* End PBXProject section */

/* Begin PBXResourcesBuildPhase section */
		1DEEF4521E51C072003713F2 /* Resources */ = {
			isa = PBXResourcesBuildPhase;
			buildActionMask = 2147483647;
			files = (
				1DEEF4651E51C073003713F2 /* LaunchScreen.storyboard in Resources */,
				1DC0FA9E1E5337960029B2A1 /* storm_raindrops_on_window.mp4 in Resources */,
				1DEEF4621E51C073003713F2 /* Assets.xcassets in Resources */,
				1DEEF45D1E51C072003713F2 /* Main.storyboard in Resources */,
			);
			runOnlyForDeploymentPostprocessing = 0;
		};
		1DEEF4691E51C073003713F2 /* Resources */ = {
			isa = PBXResourcesBuildPhase;
			buildActionMask = 2147483647;
			files = (
			);
			runOnlyForDeploymentPostprocessing = 0;
		};
		1DEEF4741E51C073003713F2 /* Resources */ = {
			isa = PBXResourcesBuildPhase;
			buildActionMask = 2147483647;
			files = (
			);
			runOnlyForDeploymentPostprocessing = 0;
		};
/* End PBXResourcesBuildPhase section */

/* Begin PBXShellScriptBuildPhase section */
		AE0B6D72B3E15088A2096CAE /* [CP] Check Pods Manifest.lock */ = {
			isa = PBXShellScriptBuildPhase;
			buildActionMask = 2147483647;
			files = (
			);
			inputPaths = (
			);
			name = "[CP] Check Pods Manifest.lock";
			outputPaths = (
			);
			runOnlyForDeploymentPostprocessing = 0;
			shellPath = /bin/sh;
			shellScript = "diff \"${PODS_ROOT}/../Podfile.lock\" \"${PODS_ROOT}/Manifest.lock\" > /dev/null\nif [ $? != 0 ] ; then\n    # print error to STDERR\n    echo \"error: The sandbox is not in sync with the Podfile.lock. Run 'pod install' or update your CocoaPods installation.\" >&2\n    exit 1\nfi\n";
			showEnvVarsInLog = 0;
		};
		B2FC6E327AA1DD1B20943107 /* [CP] Copy Pods Resources */ = {
			isa = PBXShellScriptBuildPhase;
			buildActionMask = 2147483647;
			files = (
			);
			inputPaths = (
			);
			name = "[CP] Copy Pods Resources";
			outputPaths = (
			);
			runOnlyForDeploymentPostprocessing = 0;
			shellPath = /bin/sh;
			shellScript = "\"${SRCROOT}/Pods/Target Support Files/Pods-Weather/Pods-Weather-resources.sh\"\n";
			showEnvVarsInLog = 0;
		};
		DA27AE2D21FDCDA4CECBD711 /* [CP] Embed Pods Frameworks */ = {
			isa = PBXShellScriptBuildPhase;
			buildActionMask = 2147483647;
			files = (
			);
			inputPaths = (
			);
			name = "[CP] Embed Pods Frameworks";
			outputPaths = (
			);
			runOnlyForDeploymentPostprocessing = 0;
			shellPath = /bin/sh;
			shellScript = "\"${SRCROOT}/Pods/Target Support Files/Pods-Weather/Pods-Weather-frameworks.sh\"\n";
			showEnvVarsInLog = 0;
		};
/* End PBXShellScriptBuildPhase section */

/* Begin PBXSourcesBuildPhase section */
		1DEEF4501E51C072003713F2 /* Sources */ = {
			isa = PBXSourcesBuildPhase;
			buildActionMask = 2147483647;
			files = (
				1DC0FA9A1E52EB7B0029B2A1 /* MinMaxTemperature.swift in Sources */,
				1DC0FA8E1E52DA130029B2A1 /* WeatherTableViewCell.swift in Sources */,
				1DEEF4601E51C073003713F2 /* Weather.xcdatamodeld in Sources */,
				1DEEF45A1E51C072003713F2 /* ViewController.swift in Sources */,
				1DC0FA921E52E6220029B2A1 /* Headline.swift in Sources */,
				1DC0FA8C1E52D8DA0029B2A1 /* HourlyWeatherCollectionViewCell.swift in Sources */,
				1DEEF4581E51C072003713F2 /* AppDelegate.swift in Sources */,
				1DEEF48F1E523154003713F2 /* CityCollectionViewCell.swift in Sources */,
				1DC0FA961E52E9FE0029B2A1 /* Temperature.swift in Sources */,
				1DC0FA9C1E52ED610029B2A1 /* DayNightIcon.swift in Sources */,
				1DC0FA941E52E96C0029B2A1 /* DailyForecasts.swift in Sources */,
			);
			runOnlyForDeploymentPostprocessing = 0;
		};
		1DEEF4671E51C073003713F2 /* Sources */ = {
			isa = PBXSourcesBuildPhase;
			buildActionMask = 2147483647;
			files = (
				1DEEF4701E51C073003713F2 /* WeatherTests.swift in Sources */,
			);
			runOnlyForDeploymentPostprocessing = 0;
		};
		1DEEF4721E51C073003713F2 /* Sources */ = {
			isa = PBXSourcesBuildPhase;
			buildActionMask = 2147483647;
			files = (
				1DEEF47B1E51C073003713F2 /* WeatherUITests.swift in Sources */,
			);
			runOnlyForDeploymentPostprocessing = 0;
		};
/* End PBXSourcesBuildPhase section */

/* Begin PBXTargetDependency section */
		1DEEF46D1E51C073003713F2 /* PBXTargetDependency */ = {
			isa = PBXTargetDependency;
			target = 1DEEF4531E51C072003713F2 /* Weather */;
			targetProxy = 1DEEF46C1E51C073003713F2 /* PBXContainerItemProxy */;
		};
		1DEEF4781E51C073003713F2 /* PBXTargetDependency */ = {
			isa = PBXTargetDependency;
			target = 1DEEF4531E51C072003713F2 /* Weather */;
			targetProxy = 1DEEF4771E51C073003713F2 /* PBXContainerItemProxy */;
		};
/* End PBXTargetDependency section */

/* Begin PBXVariantGroup section */
		1DEEF45B1E51C072003713F2 /* Main.storyboard */ = {
			isa = PBXVariantGroup;
			children = (
				1DEEF45C1E51C072003713F2 /* Base */,
			);
			name = Main.storyboard;
			sourceTree = "<group>";
		};
		1DEEF4631E51C073003713F2 /* LaunchScreen.storyboard */ = {
			isa = PBXVariantGroup;
			children = (
				1DEEF4641E51C073003713F2 /* Base */,
			);
			name = LaunchScreen.storyboard;
			sourceTree = "<group>";
		};
/* End PBXVariantGroup section */

/* Begin XCBuildConfiguration section */
		1DEEF47D1E51C073003713F2 /* Debug */ = {
			isa = XCBuildConfiguration;
			buildSettings = {
				ALWAYS_SEARCH_USER_PATHS = NO;
				CLANG_ANALYZER_NONNULL = YES;
				CLANG_CXX_LANGUAGE_STANDARD = "gnu++0x";
				CLANG_CXX_LIBRARY = "libc++";
				CLANG_ENABLE_MODULES = YES;
				CLANG_ENABLE_OBJC_ARC = YES;
				CLANG_WARN_BOOL_CONVERSION = YES;
				CLANG_WARN_CONSTANT_CONVERSION = YES;
				CLANG_WARN_DIRECT_OBJC_ISA_USAGE = YES_ERROR;
				CLANG_WARN_DOCUMENTATION_COMMENTS = YES;
				CLANG_WARN_EMPTY_BODY = YES;
				CLANG_WARN_ENUM_CONVERSION = YES;
				CLANG_WARN_INFINITE_RECURSION = YES;
				CLANG_WARN_INT_CONVERSION = YES;
				CLANG_WARN_OBJC_ROOT_CLASS = YES_ERROR;
				CLANG_WARN_SUSPICIOUS_MOVE = YES;
				CLANG_WARN_UNREACHABLE_CODE = YES;
				CLANG_WARN__DUPLICATE_METHOD_MATCH = YES;
				"CODE_SIGN_IDENTITY[sdk=iphoneos*]" = "iPhone Developer";
				COPY_PHASE_STRIP = NO;
				DEBUG_INFORMATION_FORMAT = dwarf;
				ENABLE_STRICT_OBJC_MSGSEND = YES;
				ENABLE_TESTABILITY = YES;
				GCC_C_LANGUAGE_STANDARD = gnu99;
				GCC_DYNAMIC_NO_PIC = NO;
				GCC_NO_COMMON_BLOCKS = YES;
				GCC_OPTIMIZATION_LEVEL = 0;
				GCC_PREPROCESSOR_DEFINITIONS = (
					"DEBUG=1",
					"$(inherited)",
				);
				GCC_WARN_64_TO_32_BIT_CONVERSION = YES;
				GCC_WARN_ABOUT_RETURN_TYPE = YES_ERROR;
				GCC_WARN_UNDECLARED_SELECTOR = YES;
				GCC_WARN_UNINITIALIZED_AUTOS = YES_AGGRESSIVE;
				GCC_WARN_UNUSED_FUNCTION = YES;
				GCC_WARN_UNUSED_VARIABLE = YES;
				IPHONEOS_DEPLOYMENT_TARGET = 10.2;
				MTL_ENABLE_DEBUG_INFO = YES;
				ONLY_ACTIVE_ARCH = YES;
				SDKROOT = iphoneos;
				SWIFT_ACTIVE_COMPILATION_CONDITIONS = DEBUG;
				SWIFT_OPTIMIZATION_LEVEL = "-Onone";
				TARGETED_DEVICE_FAMILY = "1,2";
			};
			name = Debug;
		};
		1DEEF47E1E51C073003713F2 /* Release */ = {
			isa = XCBuildConfiguration;
			buildSettings = {
				ALWAYS_SEARCH_USER_PATHS = NO;
				CLANG_ANALYZER_NONNULL = YES;
				CLANG_CXX_LANGUAGE_STANDARD = "gnu++0x";
				CLANG_CXX_LIBRARY = "libc++";
				CLANG_ENABLE_MODULES = YES;
				CLANG_ENABLE_OBJC_ARC = YES;
				CLANG_WARN_BOOL_CONVERSION = YES;
				CLANG_WARN_CONSTANT_CONVERSION = YES;
				CLANG_WARN_DIRECT_OBJC_ISA_USAGE = YES_ERROR;
				CLANG_WARN_DOCUMENTATION_COMMENTS = YES;
				CLANG_WARN_EMPTY_BODY = YES;
				CLANG_WARN_ENUM_CONVERSION = YES;
				CLANG_WARN_INFINITE_RECURSION = YES;
				CLANG_WARN_INT_CONVERSION = YES;
				CLANG_WARN_OBJC_ROOT_CLASS = YES_ERROR;
				CLANG_WARN_SUSPICIOUS_MOVE = YES;
				CLANG_WARN_UNREACHABLE_CODE = YES;
				CLANG_WARN__DUPLICATE_METHOD_MATCH = YES;
				"CODE_SIGN_IDENTITY[sdk=iphoneos*]" = "iPhone Developer";
				COPY_PHASE_STRIP = NO;
				DEBUG_INFORMATION_FORMAT = "dwarf-with-dsym";
				ENABLE_NS_ASSERTIONS = NO;
				ENABLE_STRICT_OBJC_MSGSEND = YES;
				GCC_C_LANGUAGE_STANDARD = gnu99;
				GCC_NO_COMMON_BLOCKS = YES;
				GCC_WARN_64_TO_32_BIT_CONVERSION = YES;
				GCC_WARN_ABOUT_RETURN_TYPE = YES_ERROR;
				GCC_WARN_UNDECLARED_SELECTOR = YES;
				GCC_WARN_UNINITIALIZED_AUTOS = YES_AGGRESSIVE;
				GCC_WARN_UNUSED_FUNCTION = YES;
				GCC_WARN_UNUSED_VARIABLE = YES;
				IPHONEOS_DEPLOYMENT_TARGET = 10.2;
				MTL_ENABLE_DEBUG_INFO = NO;
				SDKROOT = iphoneos;
				SWIFT_OPTIMIZATION_LEVEL = "-Owholemodule";
				TARGETED_DEVICE_FAMILY = "1,2";
				VALIDATE_PRODUCT = YES;
			};
			name = Release;
		};
		1DEEF4801E51C073003713F2 /* Debug */ = {
			isa = XCBuildConfiguration;
			baseConfigurationReference = BF591338E7365BE361F7B9CC /* Pods-Weather.debug.xcconfig */;
			buildSettings = {
				ASSETCATALOG_COMPILER_APPICON_NAME = AppIcon;
				INFOPLIST_FILE = Weather/Info.plist;
				LD_RUNPATH_SEARCH_PATHS = "$(inherited) @executable_path/Frameworks";
				PRODUCT_BUNDLE_IDENTIFIER = "com.code-brew.Weather";
				PRODUCT_NAME = "$(TARGET_NAME)";
				SWIFT_VERSION = 3.0;
			};
			name = Debug;
		};
		1DEEF4811E51C073003713F2 /* Release */ = {
			isa = XCBuildConfiguration;
			baseConfigurationReference = FAA0157B1FE5B87DE64A4B0A /* Pods-Weather.release.xcconfig */;
			buildSettings = {
				ASSETCATALOG_COMPILER_APPICON_NAME = AppIcon;
				INFOPLIST_FILE = Weather/Info.plist;
				LD_RUNPATH_SEARCH_PATHS = "$(inherited) @executable_path/Frameworks";
				PRODUCT_BUNDLE_IDENTIFIER = "com.code-brew.Weather";
				PRODUCT_NAME = "$(TARGET_NAME)";
				SWIFT_VERSION = 3.0;
			};
			name = Release;
		};
		1DEEF4831E51C073003713F2 /* Debug */ = {
			isa = XCBuildConfiguration;
			buildSettings = {
				ALWAYS_EMBED_SWIFT_STANDARD_LIBRARIES = YES;
				BUNDLE_LOADER = "$(TEST_HOST)";
				INFOPLIST_FILE = WeatherTests/Info.plist;
				LD_RUNPATH_SEARCH_PATHS = "$(inherited) @executable_path/Frameworks @loader_path/Frameworks";
				PRODUCT_BUNDLE_IDENTIFIER = "com.code-brew.WeatherTests";
				PRODUCT_NAME = "$(TARGET_NAME)";
				SWIFT_VERSION = 3.0;
				TEST_HOST = "$(BUILT_PRODUCTS_DIR)/Weather.app/Weather";
			};
			name = Debug;
		};
		1DEEF4841E51C073003713F2 /* Release */ = {
			isa = XCBuildConfiguration;
			buildSettings = {
				ALWAYS_EMBED_SWIFT_STANDARD_LIBRARIES = YES;
				BUNDLE_LOADER = "$(TEST_HOST)";
				INFOPLIST_FILE = WeatherTests/Info.plist;
				LD_RUNPATH_SEARCH_PATHS = "$(inherited) @executable_path/Frameworks @loader_path/Frameworks";
				PRODUCT_BUNDLE_IDENTIFIER = "com.code-brew.WeatherTests";
				PRODUCT_NAME = "$(TARGET_NAME)";
				SWIFT_VERSION = 3.0;
				TEST_HOST = "$(BUILT_PRODUCTS_DIR)/Weather.app/Weather";
			};
			name = Release;
		};
		1DEEF4861E51C073003713F2 /* Debug */ = {
			isa = XCBuildConfiguration;
			buildSettings = {
				ALWAYS_EMBED_SWIFT_STANDARD_LIBRARIES = YES;
				INFOPLIST_FILE = WeatherUITests/Info.plist;
				LD_RUNPATH_SEARCH_PATHS = "$(inherited) @executable_path/Frameworks @loader_path/Frameworks";
				PRODUCT_BUNDLE_IDENTIFIER = "com.code-brew.WeatherUITests";
				PRODUCT_NAME = "$(TARGET_NAME)";
				SWIFT_VERSION = 3.0;
				TEST_TARGET_NAME = Weather;
			};
			name = Debug;
		};
		1DEEF4871E51C073003713F2 /* Release */ = {
			isa = XCBuildConfiguration;
			buildSettings = {
				ALWAYS_EMBED_SWIFT_STANDARD_LIBRARIES = YES;
				INFOPLIST_FILE = WeatherUITests/Info.plist;
				LD_RUNPATH_SEARCH_PATHS = "$(inherited) @executable_path/Frameworks @loader_path/Frameworks";
				PRODUCT_BUNDLE_IDENTIFIER = "com.code-brew.WeatherUITests";
				PRODUCT_NAME = "$(TARGET_NAME)";
				SWIFT_VERSION = 3.0;
				TEST_TARGET_NAME = Weather;
			};
			name = Release;
		};
/* End XCBuildConfiguration section */

/* Begin XCConfigurationList section */
		1DEEF44F1E51C072003713F2 /* Build configuration list for PBXProject "Weather" */ = {
			isa = XCConfigurationList;
			buildConfigurations = (
				1DEEF47D1E51C073003713F2 /* Debug */,
				1DEEF47E1E51C073003713F2 /* Release */,
			);
			defaultConfigurationIsVisible = 0;
			defaultConfigurationName = Release;
		};
		1DEEF47F1E51C073003713F2 /* Build configuration list for PBXNativeTarget "Weather" */ = {
			isa = XCConfigurationList;
			buildConfigurations = (
				1DEEF4801E51C073003713F2 /* Debug */,
				1DEEF4811E51C073003713F2 /* Release */,
			);
			defaultConfigurationIsVisible = 0;
			defaultConfigurationName = Release;
		};
		1DEEF4821E51C073003713F2 /* Build configuration list for PBXNativeTarget "WeatherTests" */ = {
			isa = XCConfigurationList;
			buildConfigurations = (
				1DEEF4831E51C073003713F2 /* Debug */,
				1DEEF4841E51C073003713F2 /* Release */,
			);
			defaultConfigurationIsVisible = 0;
			defaultConfigurationName = Release;
		};
		1DEEF4851E51C073003713F2 /* Build configuration list for PBXNativeTarget "WeatherUITests" */ = {
			isa = XCConfigurationList;
			buildConfigurations = (
				1DEEF4861E51C073003713F2 /* Debug */,
				1DEEF4871E51C073003713F2 /* Release */,
			);
			defaultConfigurationIsVisible = 0;
			defaultConfigurationName = Release;
		};
/* End XCConfigurationList section */

/* Begin XCVersionGroup section */
		1DEEF45E1E51C073003713F2 /* Weather.xcdatamodeld */ = {
			isa = XCVersionGroup;
			children = (
				1DEEF45F1E51C073003713F2 /* Weather.xcdatamodel */,
			);
			currentVersion = 1DEEF45F1E51C073003713F2 /* Weather.xcdatamodel */;
			path = Weather.xcdatamodeld;
			sourceTree = "<group>";
			versionGroupType = wrapper.xcdatamodel;
		};
/* End XCVersionGroup section */
	};
	rootObject = 1DEEF44C1E51C072003713F2 /* Project object */;
}
